
Microsoft Visual Studio Solution File, Format Version 12.00
# Visual Studio Version 17
VisualStudioVersion = 17.5.33502.453
MinimumVisualStudioVersion = 10.0.40219.1
Project("{FAE04EC0-301F-11D3-BF4B-00C04F79EFBC}") = "WindowsFormsRestAPI", "WindowsFormsRestAPI\WindowsFormsRestAPI.csproj", "{6FDD55B0-DF59-445B-86D5-66DE8E097AC4}"
EndProject
Project("{FAE04EC0-301F-11D3-BF4B-00C04F79EFBC}") = "ConsoleWebAPI", "ConsoleWebAPI\ConsoleWebAPI\ConsoleWebAPI.csproj", "{130C569D-7C1C-496F-8D03-BAC5CB8652A0}"
EndProject
Global
	GlobalSection(SolutionConfigurationPlatforms) = preSolution
		Debug|Any CPU = Debug|Any CPU
		Release|Any CPU = Release|Any CPU
	EndGlobalSection
	GlobalSection(ProjectConfigurationPlatforms) = postSolution
		{6FDD55B0-DF59-445B-86D5-66DE8E097AC4}.Debug|Any CPU.ActiveCfg = Debug|Any CPU
		{6FDD55B0-DF59-445B-86D5-66DE8E097AC4}.Debug|Any CPU.Build.0 = Debug|Any CPU
		{6FDD55B0-DF59-445B-86D5-66DE8E097AC4}.Release|Any CPU.ActiveCfg = Release|Any CPU
		{6FDD55B0-DF59-445B-86D5-66DE8E097AC4}.Release|Any CPU.Build.0 = Release|Any CPU
		{130C569D-7C1C-496F-8D03-BAC5CB8652A0}.Debug|Any CPU.ActiveCfg = Debug|Any CPU
		{130C569D-7C1C-496F-8D03-BAC5CB8652A0}.Debug|Any CPU.Build.0 = Debug|Any CPU
		{130C569D-7C1C-496F-8D03-BAC5CB8652A0}.Release|Any CPU.ActiveCfg = Release|Any CPU
		{130C569D-7C1C-496F-8D03-BAC5CB8652A0}.Release|Any CPU.Build.0 = Release|Any CPU
	EndGlobalSection
	GlobalSection(SolutionProperties) = preSolution
		HideSolutionNode = FALSE
	EndGlobalSection
	GlobalSection(ExtensibilityGlobals) = postSolution
		SolutionGuid = {9B9EC168-0826-44BA-9026-F6234B15A0EA}
	EndGlobalSection
EndGlobal
